
Microsoft Visual Studio Solution File, Format Version 12.00
# Visual Studio Version 17
VisualStudioVersion = 17.8.34511.84
MinimumVisualStudioVersion = 10.0.40219.1
Project("{FAE04EC0-301F-11D3-BF4B-00C04F79EFBC}") = "EF_ClassToDb", "EF_ClassToDb\EF_ClassToDb.csproj", "{7B0D9E97-D2A6-489A-966C-35942E587F40}"
EndProject
Global
	GlobalSection(SolutionConfigurationPlatforms) = preSolution
		Debug|Any CPU = Debug|Any CPU
		Release|Any CPU = Release|Any CPU
	EndGlobalSection
	GlobalSection(ProjectConfigurationPlatforms) = postSolution
		{7B0D9E97-D2A6-489A-966C-35942E587F40}.Debug|Any CPU.ActiveCfg = Debug|Any CPU
		{7B0D9E97-D2A6-489A-966C-35942E587F40}.Debug|Any CPU.Build.0 = Debug|Any CPU
		{7B0D9E97-D2A6-489A-966C-35942E587F40}.Release|Any CPU.ActiveCfg = Release|Any CPU
		{7B0D9E97-D2A6-489A-966C-35942E587F40}.Release|Any CPU.Build.0 = Release|Any CPU
	EndGlobalSection
	GlobalSection(SolutionProperties) = preSolution
		HideSolutionNode = FALSE
	EndGlobalSection
	GlobalSection(ExtensibilityGlobals) = postSolution
		SolutionGuid = {0A7B4256-BD3C-4C9B-B8C2-17E39058137A}
	EndGlobalSection
EndGlobal
